
Microsoft Visual Studio Solution File, Format Version 12.00
# Visual Studio Version 17
VisualStudioVersion = 17.0.31903.59
MinimumVisualStudioVersion = 10.0.40219.1
Project("{FAE04EC0-301F-11D3-BF4B-00C04F79EFBC}") = "ClassIsScore", "ClassIsScore.csproj", "{648B2DFB-F866-4363-84F3-C3670D65F66D}"
EndProject
Project("{FAE04EC0-301F-11D3-BF4B-00C04F79EFBC}") = "ClassIsScore.Tests", "ClassIsScore.Tests\ClassIsScore.Tests.csproj", "{EC1E24D7-2C5D-4F3F-9ED1-8B11C77DAE69}"
EndProject
Global
	GlobalSection(SolutionConfigurationPlatforms) = preSolution
		Debug|Any CPU = Debug|Any CPU
		Release|Any CPU = Release|Any CPU
	EndGlobalSection
	GlobalSection(SolutionProperties) = preSolution
		HideSolutionNode = FALSE
	EndGlobalSection
	GlobalSection(ProjectConfigurationPlatforms) = postSolution
		{648B2DFB-F866-4363-84F3-C3670D65F66D}.Debug|Any CPU.ActiveCfg = Debug|Any CPU
		{648B2DFB-F866-4363-84F3-C3670D65F66D}.Debug|Any CPU.Build.0 = Debug|Any CPU
		{648B2DFB-F866-4363-84F3-C3670D65F66D}.Release|Any CPU.ActiveCfg = Release|Any CPU
		{648B2DFB-F866-4363-84F3-C3670D65F66D}.Release|Any CPU.Build.0 = Release|Any CPU
		{EC1E24D7-2C5D-4F3F-9ED1-8B11C77DAE69}.Debug|Any CPU.ActiveCfg = Debug|Any CPU
		{EC1E24D7-2C5D-4F3F-9ED1-8B11C77DAE69}.Debug|Any CPU.Build.0 = Debug|Any CPU
		{EC1E24D7-2C5D-4F3F-9ED1-8B11C77DAE69}.Release|Any CPU.ActiveCfg = Release|Any CPU
		{EC1E24D7-2C5D-4F3F-9ED1-8B11C77DAE69}.Release|Any CPU.Build.0 = Release|Any CPU
	EndGlobalSection
EndGlobal
